
Microsoft Visual Studio Solution File, Format Version 12.00
# Visual Studio Version 17
VisualStudioVersion = 17.7.34031.279
MinimumVisualStudioVersion = 10.0.40219.1
Project("{FAE04EC0-301F-11D3-BF4B-00C04F79EFBC}") = "Killist", "Killist\Killist.csproj", "{445C1B04-5716-41E1-8C99-9C567BBE153E}"
EndProject
Global
	GlobalSection(SolutionConfigurationPlatforms) = preSolution
		Debug|Any CPU = Debug|Any CPU
		Release|Any CPU = Release|Any CPU
	EndGlobalSection
	GlobalSection(ProjectConfigurationPlatforms) = postSolution
		{445C1B04-5716-41E1-8C99-9C567BBE153E}.Debug|Any CPU.ActiveCfg = Debug|Any CPU
		{445C1B04-5716-41E1-8C99-9C567BBE153E}.Debug|Any CPU.Build.0 = Debug|Any CPU
		{445C1B04-5716-41E1-8C99-9C567BBE153E}.Release|Any CPU.ActiveCfg = Release|Any CPU
		{445C1B04-5716-41E1-8C99-9C567BBE153E}.Release|Any CPU.Build.0 = Release|Any CPU
	EndGlobalSection
	GlobalSection(SolutionProperties) = preSolution
		HideSolutionNode = FALSE
	EndGlobalSection
	GlobalSection(ExtensibilityGlobals) = postSolution
		SolutionGuid = {80E120FD-9600-4431-9C72-C81DEB314E64}
	EndGlobalSection
EndGlobal
